// !$*UTF8*$!
{
	archiveVersion = 1;
	classes = {
	};
	objectVersion = 46;
	objects = {

/* Begin PBXBuildFile section */
		8612BAA455EC445EAB4C7248 /* libPods.a in Frameworks */ = {isa = PBXBuildFile; fileRef = F5C1DB5512B7478EB1D4EEAF /* libPods.a */; };
		B04DE7201970DC80004289C7 /* Foundation.framework in Frameworks */ = {isa = PBXBuildFile; fileRef = B04DE71F1970DC80004289C7 /* Foundation.framework */; };
		B04DE7221970DC80004289C7 /* CoreGraphics.framework in Frameworks */ = {isa = PBXBuildFile; fileRef = B04DE7211970DC80004289C7 /* CoreGraphics.framework */; };
		B04DE7241970DC80004289C7 /* UIKit.framework in Frameworks */ = {isa = PBXBuildFile; fileRef = B04DE7231970DC80004289C7 /* UIKit.framework */; };
		B04DE72A1970DC80004289C7 /* InfoPlist.strings in Resources */ = {isa = PBXBuildFile; fileRef = B04DE7281970DC80004289C7 /* InfoPlist.strings */; };
		B04DE72C1970DC80004289C7 /* main.m in Sources */ = {isa = PBXBuildFile; fileRef = B04DE72B1970DC80004289C7 /* main.m */; };
		B04DE7301970DC80004289C7 /* AppDelegate.m in Sources */ = {isa = PBXBuildFile; fileRef = B04DE72F1970DC80004289C7 /* AppDelegate.m */; };
		B04DE7331970DC80004289C7 /* Main.storyboard in Resources */ = {isa = PBXBuildFile; fileRef = B04DE7311970DC80004289C7 /* Main.storyboard */; };
		B04DE7361970DC80004289C7 /* MainViewController.m in Sources */ = {isa = PBXBuildFile; fileRef = B04DE7351970DC80004289C7 /* MainViewController.m */; };
		B04DE7391970DC80004289C7 /* NavigationViewController.m in Sources */ = {isa = PBXBuildFile; fileRef = B04DE7381970DC80004289C7 /* NavigationViewController.m */; };
		B04DE73B1970DC80004289C7 /* Images.xcassets in Resources */ = {isa = PBXBuildFile; fileRef = B04DE73A1970DC80004289C7 /* Images.xcassets */; };
		B04DE7421970DC80004289C7 /* XCTest.framework in Frameworks */ = {isa = PBXBuildFile; fileRef = B04DE7411970DC80004289C7 /* XCTest.framework */; };
		B04DE7431970DC80004289C7 /* Foundation.framework in Frameworks */ = {isa = PBXBuildFile; fileRef = B04DE71F1970DC80004289C7 /* Foundation.framework */; };
		B04DE7441970DC80004289C7 /* UIKit.framework in Frameworks */ = {isa = PBXBuildFile; fileRef = B04DE7231970DC80004289C7 /* UIKit.framework */; };
		B04DE74C1970DC80004289C7 /* InfoPlist.strings in Resources */ = {isa = PBXBuildFile; fileRef = B04DE74A1970DC80004289C7 /* InfoPlist.strings */; };
		B04DE74E1970DC80004289C7 /* ForageTests.m in Sources */ = {isa = PBXBuildFile; fileRef = B04DE74D1970DC80004289C7 /* ForageTests.m */; };
		B04DE7591970E2AC004289C7 /* RestaurantCard.m in Sources */ = {isa = PBXBuildFile; fileRef = B04DE7581970E2AC004289C7 /* RestaurantCard.m */; };
		B04DE75C1970E2CC004289C7 /* Restaurant.m in Sources */ = {isa = PBXBuildFile; fileRef = B04DE75B1970E2CC004289C7 /* Restaurant.m */; };
		B04DE75F1970E7F2004289C7 /* CardDecoration.m in Sources */ = {isa = PBXBuildFile; fileRef = B04DE75E1970E7F2004289C7 /* CardDecoration.m */; };
		B04DE7611970EDFC004289C7 /* CoreLocation.framework in Frameworks */ = {isa = PBXBuildFile; fileRef = B04DE7601970EDFC004289C7 /* CoreLocation.framework */; };
		B04DE763197101D8004289C7 /* sample_data.json in Resources */ = {isa = PBXBuildFile; fileRef = B04DE762197101D8004289C7 /* sample_data.json */; };
/* End PBXBuildFile section */

/* Begin PBXContainerItemProxy section */
		B04DE7451970DC80004289C7 /* PBXContainerItemProxy */ = {
			isa = PBXContainerItemProxy;
			containerPortal = B04DE7141970DC80004289C7 /* Project object */;
			proxyType = 1;
			remoteGlobalIDString = B04DE71B1970DC80004289C7;
			remoteInfo = Forage;
		};
/* End PBXContainerItemProxy section */

/* Begin PBXFileReference section */
		3724F1DB2250463589F56EEA /* Pods.xcconfig */ = {isa = PBXFileReference; includeInIndex = 1; lastKnownFileType = text.xcconfig; name = Pods.xcconfig; path = Pods/Pods.xcconfig; sourceTree = "<group>"; };
		B04DE71C1970DC80004289C7 /* Forage.app */ = {isa = PBXFileReference; explicitFileType = wrapper.application; includeInIndex = 0; path = Forage.app; sourceTree = BUILT_PRODUCTS_DIR; };
		B04DE71F1970DC80004289C7 /* Foundation.framework */ = {isa = PBXFileReference; lastKnownFileType = wrapper.framework; name = Foundation.framework; path = System/Library/Frameworks/Foundation.framework; sourceTree = SDKROOT; };
		B04DE7211970DC80004289C7 /* CoreGraphics.framework */ = {isa = PBXFileReference; lastKnownFileType = wrapper.framework; name = CoreGraphics.framework; path = System/Library/Frameworks/CoreGraphics.framework; sourceTree = SDKROOT; };
		B04DE7231970DC80004289C7 /* UIKit.framework */ = {isa = PBXFileReference; lastKnownFileType = wrapper.framework; name = UIKit.framework; path = System/Library/Frameworks/UIKit.framework; sourceTree = SDKROOT; };
		B04DE7271970DC80004289C7 /* Forage-Info.plist */ = {isa = PBXFileReference; lastKnownFileType = text.plist.xml; path = "Forage-Info.plist"; sourceTree = "<group>"; };
		B04DE7291970DC80004289C7 /* en */ = {isa = PBXFileReference; lastKnownFileType = text.plist.strings; name = en; path = en.lproj/InfoPlist.strings; sourceTree = "<group>"; };
		B04DE72B1970DC80004289C7 /* main.m */ = {isa = PBXFileReference; lastKnownFileType = sourcecode.c.objc; path = main.m; sourceTree = "<group>"; };
		B04DE72D1970DC80004289C7 /* Forage-Prefix.pch */ = {isa = PBXFileReference; lastKnownFileType = sourcecode.c.h; path = "Forage-Prefix.pch"; sourceTree = "<group>"; };
		B04DE72E1970DC80004289C7 /* AppDelegate.h */ = {isa = PBXFileReference; lastKnownFileType = sourcecode.c.h; path = AppDelegate.h; sourceTree = "<group>"; };
		B04DE72F1970DC80004289C7 /* AppDelegate.m */ = {isa = PBXFileReference; lastKnownFileType = sourcecode.c.objc; path = AppDelegate.m; sourceTree = "<group>"; };
		B04DE7321970DC80004289C7 /* Base */ = {isa = PBXFileReference; lastKnownFileType = file.storyboard; name = Base; path = Base.lproj/Main.storyboard; sourceTree = "<group>"; };
		B04DE7341970DC80004289C7 /* MainViewController.h */ = {isa = PBXFileReference; lastKnownFileType = sourcecode.c.h; path = MainViewController.h; sourceTree = "<group>"; };
		B04DE7351970DC80004289C7 /* MainViewController.m */ = {isa = PBXFileReference; lastKnownFileType = sourcecode.c.objc; path = MainViewController.m; sourceTree = "<group>"; };
		B04DE7371970DC80004289C7 /* NavigationViewController.h */ = {isa = PBXFileReference; lastKnownFileType = sourcecode.c.h; path = NavigationViewController.h; sourceTree = "<group>"; };
		B04DE7381970DC80004289C7 /* NavigationViewController.m */ = {isa = PBXFileReference; lastKnownFileType = sourcecode.c.objc; path = NavigationViewController.m; sourceTree = "<group>"; };
		B04DE73A1970DC80004289C7 /* Images.xcassets */ = {isa = PBXFileReference; lastKnownFileType = folder.assetcatalog; path = Images.xcassets; sourceTree = "<group>"; };
		B04DE7401970DC80004289C7 /* ForageTests.xctest */ = {isa = PBXFileReference; explicitFileType = wrapper.cfbundle; includeInIndex = 0; path = ForageTests.xctest; sourceTree = BUILT_PRODUCTS_DIR; };
		B04DE7411970DC80004289C7 /* XCTest.framework */ = {isa = PBXFileReference; lastKnownFileType = wrapper.framework; name = XCTest.framework; path = Library/Frameworks/XCTest.framework; sourceTree = DEVELOPER_DIR; };
		B04DE7491970DC80004289C7 /* ForageTests-Info.plist */ = {isa = PBXFileReference; lastKnownFileType = text.plist.xml; path = "ForageTests-Info.plist"; sourceTree = "<group>"; };
		B04DE74B1970DC80004289C7 /* en */ = {isa = PBXFileReference; lastKnownFileType = text.plist.strings; name = en; path = en.lproj/InfoPlist.strings; sourceTree = "<group>"; };
		B04DE74D1970DC80004289C7 /* ForageTests.m */ = {isa = PBXFileReference; lastKnownFileType = sourcecode.c.objc; path = ForageTests.m; sourceTree = "<group>"; };
		B04DE7571970E2AC004289C7 /* RestaurantCard.h */ = {isa = PBXFileReference; fileEncoding = 4; lastKnownFileType = sourcecode.c.h; path = RestaurantCard.h; sourceTree = "<group>"; };
		B04DE7581970E2AC004289C7 /* RestaurantCard.m */ = {isa = PBXFileReference; fileEncoding = 4; lastKnownFileType = sourcecode.c.objc; path = RestaurantCard.m; sourceTree = "<group>"; };
		B04DE75A1970E2CC004289C7 /* Restaurant.h */ = {isa = PBXFileReference; fileEncoding = 4; lastKnownFileType = sourcecode.c.h; path = Restaurant.h; sourceTree = "<group>"; };
		B04DE75B1970E2CC004289C7 /* Restaurant.m */ = {isa = PBXFileReference; fileEncoding = 4; lastKnownFileType = sourcecode.c.objc; path = Restaurant.m; sourceTree = "<group>"; };
		B04DE75D1970E7F2004289C7 /* CardDecoration.h */ = {isa = PBXFileReference; fileEncoding = 4; lastKnownFileType = sourcecode.c.h; path = CardDecoration.h; sourceTree = "<group>"; };
		B04DE75E1970E7F2004289C7 /* CardDecoration.m */ = {isa = PBXFileReference; fileEncoding = 4; lastKnownFileType = sourcecode.c.objc; path = CardDecoration.m; sourceTree = "<group>"; };
		B04DE7601970EDFC004289C7 /* CoreLocation.framework */ = {isa = PBXFileReference; lastKnownFileType = wrapper.framework; name = CoreLocation.framework; path = System/Library/Frameworks/CoreLocation.framework; sourceTree = SDKROOT; };
		B04DE762197101D8004289C7 /* sample_data.json */ = {isa = PBXFileReference; fileEncoding = 4; lastKnownFileType = text.json; path = sample_data.json; sourceTree = "<group>"; };
		F5C1DB5512B7478EB1D4EEAF /* libPods.a */ = {isa = PBXFileReference; explicitFileType = archive.ar; includeInIndex = 0; path = libPods.a; sourceTree = BUILT_PRODUCTS_DIR; };
/* End PBXFileReference section */

/* Begin PBXFrameworksBuildPhase section */
		B04DE7191970DC80004289C7 /* Frameworks */ = {
			isa = PBXFrameworksBuildPhase;
			buildActionMask = 2147483647;
			files = (
				B04DE7611970EDFC004289C7 /* CoreLocation.framework in Frameworks */,
				B04DE7221970DC80004289C7 /* CoreGraphics.framework in Frameworks */,
				B04DE7241970DC80004289C7 /* UIKit.framework in Frameworks */,
				B04DE7201970DC80004289C7 /* Foundation.framework in Frameworks */,
				8612BAA455EC445EAB4C7248 /* libPods.a in Frameworks */,
			);
			runOnlyForDeploymentPostprocessing = 0;
		};
		B04DE73D1970DC80004289C7 /* Frameworks */ = {
			isa = PBXFrameworksBuildPhase;
			buildActionMask = 2147483647;
			files = (
				B04DE7421970DC80004289C7 /* XCTest.framework in Frameworks */,
				B04DE7441970DC80004289C7 /* UIKit.framework in Frameworks */,
				B04DE7431970DC80004289C7 /* Foundation.framework in Frameworks */,
			);
			runOnlyForDeploymentPostprocessing = 0;
		};
/* End PBXFrameworksBuildPhase section */

/* Begin PBXGroup section */
		B04DE7131970DC80004289C7 = {
			isa = PBXGroup;
			children = (
				B04DE7251970DC80004289C7 /* Forage */,
				B04DE7471970DC80004289C7 /* ForageTests */,
				B04DE71E1970DC80004289C7 /* Frameworks */,
				B04DE71D1970DC80004289C7 /* Products */,
				3724F1DB2250463589F56EEA /* Pods.xcconfig */,
			);
			sourceTree = "<group>";
		};
		B04DE71D1970DC80004289C7 /* Products */ = {
			isa = PBXGroup;
			children = (
				B04DE71C1970DC80004289C7 /* Forage.app */,
				B04DE7401970DC80004289C7 /* ForageTests.xctest */,
			);
			name = Products;
			sourceTree = "<group>";
		};
		B04DE71E1970DC80004289C7 /* Frameworks */ = {
			isa = PBXGroup;
			children = (
				B04DE7601970EDFC004289C7 /* CoreLocation.framework */,
				B04DE71F1970DC80004289C7 /* Foundation.framework */,
				B04DE7211970DC80004289C7 /* CoreGraphics.framework */,
				B04DE7231970DC80004289C7 /* UIKit.framework */,
				B04DE7411970DC80004289C7 /* XCTest.framework */,
				F5C1DB5512B7478EB1D4EEAF /* libPods.a */,
			);
			name = Frameworks;
			sourceTree = "<group>";
		};
		B04DE7251970DC80004289C7 /* Forage */ = {
			isa = PBXGroup;
			children = (
				B04DE72E1970DC80004289C7 /* AppDelegate.h */,
				B04DE72F1970DC80004289C7 /* AppDelegate.m */,
				B04DE7311970DC80004289C7 /* Main.storyboard */,
				B04DE7341970DC80004289C7 /* MainViewController.h */,
				B04DE7351970DC80004289C7 /* MainViewController.m */,
				B04DE7371970DC80004289C7 /* NavigationViewController.h */,
				B04DE7381970DC80004289C7 /* NavigationViewController.m */,
				B04DE7571970E2AC004289C7 /* RestaurantCard.h */,
				B04DE7581970E2AC004289C7 /* RestaurantCard.m */,
				B04DE75D1970E7F2004289C7 /* CardDecoration.h */,
				B04DE75E1970E7F2004289C7 /* CardDecoration.m */,
				B04DE75A1970E2CC004289C7 /* Restaurant.h */,
				B04DE75B1970E2CC004289C7 /* Restaurant.m */,
				B04DE73A1970DC80004289C7 /* Images.xcassets */,
				B04DE7261970DC80004289C7 /* Supporting Files */,
			);
			path = Forage;
			sourceTree = "<group>";
		};
		B04DE7261970DC80004289C7 /* Supporting Files */ = {
			isa = PBXGroup;
			children = (
				B04DE762197101D8004289C7 /* sample_data.json */,
				B04DE7271970DC80004289C7 /* Forage-Info.plist */,
				B04DE7281970DC80004289C7 /* InfoPlist.strings */,
				B04DE72B1970DC80004289C7 /* main.m */,
				B04DE72D1970DC80004289C7 /* Forage-Prefix.pch */,
			);
			name = "Supporting Files";
			sourceTree = "<group>";
		};
		B04DE7471970DC80004289C7 /* ForageTests */ = {
			isa = PBXGroup;
			children = (
				B04DE74D1970DC80004289C7 /* ForageTests.m */,
				B04DE7481970DC80004289C7 /* Supporting Files */,
			);
			path = ForageTests;
			sourceTree = "<group>";
		};
		B04DE7481970DC80004289C7 /* Supporting Files */ = {
			isa = PBXGroup;
			children = (
				B04DE7491970DC80004289C7 /* ForageTests-Info.plist */,
				B04DE74A1970DC80004289C7 /* InfoPlist.strings */,
			);
			name = "Supporting Files";
			sourceTree = "<group>";
		};
/* End PBXGroup section */

/* Begin PBXNativeTarget section */
		B04DE71B1970DC80004289C7 /* Forage */ = {
			isa = PBXNativeTarget;
			buildConfigurationList = B04DE7511970DC80004289C7 /* Build configuration list for PBXNativeTarget "Forage" */;
			buildPhases = (
				8925F0AD50984F76807E54D2 /* Check Pods Manifest.lock */,
				B04DE7181970DC80004289C7 /* Sources */,
				B04DE7191970DC80004289C7 /* Frameworks */,
				B04DE71A1970DC80004289C7 /* Resources */,
				181B9716B6C04823B9D563DA /* Copy Pods Resources */,
			);
			buildRules = (
			);
			dependencies = (
			);
			name = Forage;
			productName = Forage;
			productReference = B04DE71C1970DC80004289C7 /* Forage.app */;
			productType = "com.apple.product-type.application";
		};
		B04DE73F1970DC80004289C7 /* ForageTests */ = {
			isa = PBXNativeTarget;
			buildConfigurationList = B04DE7541970DC80004289C7 /* Build configuration list for PBXNativeTarget "ForageTests" */;
			buildPhases = (
				B04DE73C1970DC80004289C7 /* Sources */,
				B04DE73D1970DC80004289C7 /* Frameworks */,
				B04DE73E1970DC80004289C7 /* Resources */,
			);
			buildRules = (
			);
			dependencies = (
				B04DE7461970DC80004289C7 /* PBXTargetDependency */,
			);
			name = ForageTests;
			productName = ForageTests;
			productReference = B04DE7401970DC80004289C7 /* ForageTests.xctest */;
			productType = "com.apple.product-type.bundle.unit-test";
		};
/* End PBXNativeTarget section */

/* Begin PBXProject section */
		B04DE7141970DC80004289C7 /* Project object */ = {
			isa = PBXProject;
			attributes = {
				LastUpgradeCheck = 0510;
				ORGANIZATIONNAME = Forage;
				TargetAttributes = {
					B04DE73F1970DC80004289C7 = {
						TestTargetID = B04DE71B1970DC80004289C7;
					};
				};
			};
			buildConfigurationList = B04DE7171970DC80004289C7 /* Build configuration list for PBXProject "Forage" */;
			compatibilityVersion = "Xcode 3.2";
			developmentRegion = English;
			hasScannedForEncodings = 0;
			knownRegions = (
				en,
				Base,
			);
			mainGroup = B04DE7131970DC80004289C7;
			productRefGroup = B04DE71D1970DC80004289C7 /* Products */;
			projectDirPath = "";
			projectRoot = "";
			targets = (
				B04DE71B1970DC80004289C7 /* Forage */,
				B04DE73F1970DC80004289C7 /* ForageTests */,
			);
		};
/* End PBXProject section */

/* Begin PBXResourcesBuildPhase section */
		B04DE71A1970DC80004289C7 /* Resources */ = {
			isa = PBXResourcesBuildPhase;
			buildActionMask = 2147483647;
			files = (
				B04DE73B1970DC80004289C7 /* Images.xcassets in Resources */,
				B04DE72A1970DC80004289C7 /* InfoPlist.strings in Resources */,
				B04DE7331970DC80004289C7 /* Main.storyboard in Resources */,
				B04DE763197101D8004289C7 /* sample_data.json in Resources */,
			);
			runOnlyForDeploymentPostprocessing = 0;
		};
		B04DE73E1970DC80004289C7 /* Resources */ = {
			isa = PBXResourcesBuildPhase;
			buildActionMask = 2147483647;
			files = (
				B04DE74C1970DC80004289C7 /* InfoPlist.strings in Resources */,
			);
			runOnlyForDeploymentPostprocessing = 0;
		};
/* End PBXResourcesBuildPhase section */

/* Begin PBXShellScriptBuildPhase section */
		181B9716B6C04823B9D563DA /* Copy Pods Resources */ = {
			isa = PBXShellScriptBuildPhase;
			buildActionMask = 2147483647;
			files = (
			);
			inputPaths = (
			);
			name = "Copy Pods Resources";
			outputPaths = (
			);
			runOnlyForDeploymentPostprocessing = 0;
			shellPath = /bin/sh;
			shellScript = "\"${SRCROOT}/Pods/Pods-resources.sh\"\n";
			showEnvVarsInLog = 0;
		};
		8925F0AD50984F76807E54D2 /* Check Pods Manifest.lock */ = {
			isa = PBXShellScriptBuildPhase;
			buildActionMask = 2147483647;
			files = (
			);
			inputPaths = (
			);
			name = "Check Pods Manifest.lock";
			outputPaths = (
			);
			runOnlyForDeploymentPostprocessing = 0;
			shellPath = /bin/sh;
			shellScript = "diff \"${PODS_ROOT}/../Podfile.lock\" \"${PODS_ROOT}/Manifest.lock\" > /dev/null\nif [[ $? != 0 ]] ; then\n    cat << EOM\nerror: The sandbox is not in sync with the Podfile.lock. Run 'pod install' or update your CocoaPods installation.\nEOM\n    exit 1\nfi\n";
			showEnvVarsInLog = 0;
		};
/* End PBXShellScriptBuildPhase section */

/* Begin PBXSourcesBuildPhase section */
		B04DE7181970DC80004289C7 /* Sources */ = {
			isa = PBXSourcesBuildPhase;
			buildActionMask = 2147483647;
			files = (
				B04DE7301970DC80004289C7 /* AppDelegate.m in Sources */,
				B04DE75F1970E7F2004289C7 /* CardDecoration.m in Sources */,
				B04DE7361970DC80004289C7 /* MainViewController.m in Sources */,
				B04DE7591970E2AC004289C7 /* RestaurantCard.m in Sources */,
				B04DE7391970DC80004289C7 /* NavigationViewController.m in Sources */,
				B04DE75C1970E2CC004289C7 /* Restaurant.m in Sources */,
				B04DE72C1970DC80004289C7 /* main.m in Sources */,
			);
			runOnlyForDeploymentPostprocessing = 0;
		};
		B04DE73C1970DC80004289C7 /* Sources */ = {
			isa = PBXSourcesBuildPhase;
			buildActionMask = 2147483647;
			files = (
				B04DE74E1970DC80004289C7 /* ForageTests.m in Sources */,
			);
			runOnlyForDeploymentPostprocessing = 0;
		};
/* End PBXSourcesBuildPhase section */

/* Begin PBXTargetDependency section */
		B04DE7461970DC80004289C7 /* PBXTargetDependency */ = {
			isa = PBXTargetDependency;
			target = B04DE71B1970DC80004289C7 /* Forage */;
			targetProxy = B04DE7451970DC80004289C7 /* PBXContainerItemProxy */;
		};
/* End PBXTargetDependency section */

/* Begin PBXVariantGroup section */
		B04DE7281970DC80004289C7 /* InfoPlist.strings */ = {
			isa = PBXVariantGroup;
			children = (
				B04DE7291970DC80004289C7 /* en */,
			);
			name = InfoPlist.strings;
			sourceTree = "<group>";
		};
		B04DE7311970DC80004289C7 /* Main.storyboard */ = {
			isa = PBXVariantGroup;
			children = (
				B04DE7321970DC80004289C7 /* Base */,
			);
			name = Main.storyboard;
			sourceTree = "<group>";
		};
		B04DE74A1970DC80004289C7 /* InfoPlist.strings */ = {
			isa = PBXVariantGroup;
			children = (
				B04DE74B1970DC80004289C7 /* en */,
			);
			name = InfoPlist.strings;
			sourceTree = "<group>";
		};
/* End PBXVariantGroup section */

/* Begin XCBuildConfiguration section */
		B04DE74F1970DC80004289C7 /* Debug */ = {
			isa = XCBuildConfiguration;
			buildSettings = {
				ALWAYS_SEARCH_USER_PATHS = NO;
				CLANG_CXX_LANGUAGE_STANDARD = "gnu++0x";
				CLANG_CXX_LIBRARY = "libc++";
				CLANG_ENABLE_MODULES = YES;
				CLANG_ENABLE_OBJC_ARC = YES;
				CLANG_WARN_BOOL_CONVERSION = YES;
				CLANG_WARN_CONSTANT_CONVERSION = YES;
				CLANG_WARN_DIRECT_OBJC_ISA_USAGE = YES_ERROR;
				CLANG_WARN_EMPTY_BODY = YES;
				CLANG_WARN_ENUM_CONVERSION = YES;
				CLANG_WARN_INT_CONVERSION = YES;
				CLANG_WARN_OBJC_ROOT_CLASS = YES_ERROR;
				CLANG_WARN__DUPLICATE_METHOD_MATCH = YES;
				"CODE_SIGN_IDENTITY[sdk=iphoneos*]" = "iPhone Developer";
				COPY_PHASE_STRIP = NO;
				GCC_C_LANGUAGE_STANDARD = gnu99;
				GCC_DYNAMIC_NO_PIC = NO;
				GCC_OPTIMIZATION_LEVEL = 0;
				GCC_PREPROCESSOR_DEFINITIONS = (
					"DEBUG=1",
					"$(inherited)",
				);
				GCC_SYMBOLS_PRIVATE_EXTERN = NO;
				GCC_WARN_64_TO_32_BIT_CONVERSION = YES;
				GCC_WARN_ABOUT_RETURN_TYPE = YES_ERROR;
				GCC_WARN_UNDECLARED_SELECTOR = YES;
				GCC_WARN_UNINITIALIZED_AUTOS = YES_AGGRESSIVE;
				GCC_WARN_UNUSED_FUNCTION = YES;
				GCC_WARN_UNUSED_VARIABLE = YES;
				IPHONEOS_DEPLOYMENT_TARGET = 7.1;
				ONLY_ACTIVE_ARCH = YES;
				SDKROOT = iphoneos;
			};
			name = Debug;
		};
		B04DE7501970DC80004289C7 /* Release */ = {
			isa = XCBuildConfiguration;
			buildSettings = {
				ALWAYS_SEARCH_USER_PATHS = NO;
				CLANG_CXX_LANGUAGE_STANDARD = "gnu++0x";
				CLANG_CXX_LIBRARY = "libc++";
				CLANG_ENABLE_MODULES = YES;
				CLANG_ENABLE_OBJC_ARC = YES;
				CLANG_WARN_BOOL_CONVERSION = YES;
				CLANG_WARN_CONSTANT_CONVERSION = YES;
				CLANG_WARN_DIRECT_OBJC_ISA_USAGE = YES_ERROR;
				CLANG_WARN_EMPTY_BODY = YES;
				CLANG_WARN_ENUM_CONVERSION = YES;
				CLANG_WARN_INT_CONVERSION = YES;
				CLANG_WARN_OBJC_ROOT_CLASS = YES_ERROR;
				CLANG_WARN__DUPLICATE_METHOD_MATCH = YES;
				"CODE_SIGN_IDENTITY[sdk=iphoneos*]" = "iPhone Developer";
				COPY_PHASE_STRIP = YES;
				ENABLE_NS_ASSERTIONS = NO;
				GCC_C_LANGUAGE_STANDARD = gnu99;
				GCC_WARN_64_TO_32_BIT_CONVERSION = YES;
				GCC_WARN_ABOUT_RETURN_TYPE = YES_ERROR;
				GCC_WARN_UNDECLARED_SELECTOR = YES;
				GCC_WARN_UNINITIALIZED_AUTOS = YES_AGGRESSIVE;
				GCC_WARN_UNUSED_FUNCTION = YES;
				GCC_WARN_UNUSED_VARIABLE = YES;
				IPHONEOS_DEPLOYMENT_TARGET = 7.1;
				SDKROOT = iphoneos;
				VALIDATE_PRODUCT = YES;
			};
			name = Release;
		};
		B04DE7521970DC80004289C7 /* Debug */ = {
			isa = XCBuildConfiguration;
			baseConfigurationReference = 3724F1DB2250463589F56EEA /* Pods.xcconfig */;
			buildSettings = {
				ASSETCATALOG_COMPILER_APPICON_NAME = AppIcon;
				ASSETCATALOG_COMPILER_LAUNCHIMAGE_NAME = LaunchImage;
				GCC_PRECOMPILE_PREFIX_HEADER = YES;
				GCC_PREFIX_HEADER = "Forage/Forage-Prefix.pch";
				INFOPLIST_FILE = "Forage/Forage-Info.plist";
				PRODUCT_NAME = "$(TARGET_NAME)";
				WRAPPER_EXTENSION = app;
			};
			name = Debug;
		};
		B04DE7531970DC80004289C7 /* Release */ = {
			isa = XCBuildConfiguration;
			baseConfigurationReference = 3724F1DB2250463589F56EEA /* Pods.xcconfig */;
			buildSettings = {
				ASSETCATALOG_COMPILER_APPICON_NAME = AppIcon;
				ASSETCATALOG_COMPILER_LAUNCHIMAGE_NAME = LaunchImage;
				GCC_PRECOMPILE_PREFIX_HEADER = YES;
				GCC_PREFIX_HEADER = "Forage/Forage-Prefix.pch";
				INFOPLIST_FILE = "Forage/Forage-Info.plist";
				PRODUCT_NAME = "$(TARGET_NAME)";
				WRAPPER_EXTENSION = app;
			};
			name = Release;
		};
		B04DE7551970DC80004289C7 /* Debug */ = {
			isa = XCBuildConfiguration;
			buildSettings = {
				BUNDLE_LOADER = "$(BUILT_PRODUCTS_DIR)/Forage.app/Forage";
				FRAMEWORK_SEARCH_PATHS = (
					"$(SDKROOT)/Developer/Library/Frameworks",
					"$(inherited)",
					"$(DEVELOPER_FRAMEWORKS_DIR)",
				);
				GCC_PRECOMPILE_PREFIX_HEADER = YES;
				GCC_PREFIX_HEADER = "Forage/Forage-Prefix.pch";
				GCC_PREPROCESSOR_DEFINITIONS = (
					"DEBUG=1",
					"$(inherited)",
				);
				INFOPLIST_FILE = "ForageTests/ForageTests-Info.plist";
				PRODUCT_NAME = "$(TARGET_NAME)";
				TEST_HOST = "$(BUNDLE_LOADER)";
				WRAPPER_EXTENSION = xctest;
			};
			name = Debug;
		};
		B04DE7561970DC80004289C7 /* Release */ = {
			isa = XCBuildConfiguration;
			buildSettings = {
				BUNDLE_LOADER = "$(BUILT_PRODUCTS_DIR)/Forage.app/Forage";
				FRAMEWORK_SEARCH_PATHS = (
					"$(SDKROOT)/Developer/Library/Frameworks",
					"$(inherited)",
					"$(DEVELOPER_FRAMEWORKS_DIR)",
				);
				GCC_PRECOMPILE_PREFIX_HEADER = YES;
				GCC_PREFIX_HEADER = "Forage/Forage-Prefix.pch";
				INFOPLIST_FILE = "ForageTests/ForageTests-Info.plist";
				PRODUCT_NAME = "$(TARGET_NAME)";
				TEST_HOST = "$(BUNDLE_LOADER)";
				WRAPPER_EXTENSION = xctest;
			};
			name = Release;
		};
/* End XCBuildConfiguration section */

/* Begin XCConfigurationList section */
		B04DE7171970DC80004289C7 /* Build configuration list for PBXProject "Forage" */ = {
			isa = XCConfigurationList;
			buildConfigurations = (
				B04DE74F1970DC80004289C7 /* Debug */,
				B04DE7501970DC80004289C7 /* Release */,
			);
			defaultConfigurationIsVisible = 0;
			defaultConfigurationName = Release;
		};
		B04DE7511970DC80004289C7 /* Build configuration list for PBXNativeTarget "Forage" */ = {
			isa = XCConfigurationList;
			buildConfigurations = (
				B04DE7521970DC80004289C7 /* Debug */,
				B04DE7531970DC80004289C7 /* Release */,
			);
			defaultConfigurationIsVisible = 0;
			defaultConfigurationName = Release;
		};
		B04DE7541970DC80004289C7 /* Build configuration list for PBXNativeTarget "ForageTests" */ = {
			isa = XCConfigurationList;
			buildConfigurations = (
				B04DE7551970DC80004289C7 /* Debug */,
				B04DE7561970DC80004289C7 /* Release */,
			);
			defaultConfigurationIsVisible = 0;
			defaultConfigurationName = Release;
		};
/* End XCConfigurationList section */
	};
	rootObject = B04DE7141970DC80004289C7 /* Project object */;
}
